
Microsoft Visual Studio Solution File, Format Version 12.00
# Visual Studio Version 16
VisualStudioVersion = 16.0.29306.81
MinimumVisualStudioVersion = 10.0.40219.1
Project("{FAE04EC0-301F-11D3-BF4B-00C04F79EFBC}") = "Stack", "Stack\Stack.csproj", "{9039030E-9B4A-4E16-A6D1-E171A0C5715B}"
EndProject
Global
	GlobalSection(SolutionConfigurationPlatforms) = preSolution
		Debug|Any CPU = Debug|Any CPU
		Release|Any CPU = Release|Any CPU
	EndGlobalSection
	GlobalSection(ProjectConfigurationPlatforms) = postSolution
		{9039030E-9B4A-4E16-A6D1-E171A0C5715B}.Debug|Any CPU.ActiveCfg = Debug|Any CPU
		{9039030E-9B4A-4E16-A6D1-E171A0C5715B}.Debug|Any CPU.Build.0 = Debug|Any CPU
		{9039030E-9B4A-4E16-A6D1-E171A0C5715B}.Release|Any CPU.ActiveCfg = Release|Any CPU
		{9039030E-9B4A-4E16-A6D1-E171A0C5715B}.Release|Any CPU.Build.0 = Release|Any CPU
	EndGlobalSection
	GlobalSection(SolutionProperties) = preSolution
		HideSolutionNode = FALSE
	EndGlobalSection
	GlobalSection(ExtensibilityGlobals) = postSolution
		SolutionGuid = {8907F58C-0B3B-414E-A5E7-BE6E9AD97361}
	EndGlobalSection
EndGlobal
